
Microsoft Visual Studio Solution File, Format Version 12.00
# Visual Studio 15
Project("{FAE04EC0-301F-11D3-BF4B-00C04F79EFBC}") = "omnigage", "src\omnigage.csproj", "{861F2C9B-BD12-4BDE-91EB-922F99689943}"
EndProject
Global
	GlobalSection(SolutionConfigurationPlatforms) = preSolution
		Debug|Any CPU = Debug|Any CPU
		Release|Any CPU = Release|Any CPU
	EndGlobalSection
	GlobalSection(ProjectConfigurationPlatforms) = postSolution
		{861F2C9B-BD12-4BDE-91EB-922F99689943}.Debug|Any CPU.ActiveCfg = Debug|Any CPU
		{861F2C9B-BD12-4BDE-91EB-922F99689943}.Debug|Any CPU.Build.0 = Debug|Any CPU
		{861F2C9B-BD12-4BDE-91EB-922F99689943}.Release|Any CPU.ActiveCfg = Release|Any CPU
		{861F2C9B-BD12-4BDE-91EB-922F99689943}.Release|Any CPU.Build.0 = Release|Any CPU
	EndGlobalSection
EndGlobal
